schema-version = 2
project-vendor = "Bottlerocket"

[sdk]
name = "bottlerocket-sdk"
version = "0.79.0"
vendor = "bottlerocket"
source = "public.ecr.aws/bottlerocket/bottlerocket-sdk:v0.79.0"
digest = "B/dAUOA5VWlAWwbti5D/Q577BaupO87OqlcmQXiHvew="

[[kit]]
name = "bottlerocket-kernel-kit"
version = "9.2.0"
vendor = "bottlerocket"
source = "public.ecr.aws/bottlerocket/bottlerocket-kernel-kit:v9.2.0"
digest = "M0Q1dRP8cbnxPG0cp8LRjC8G3Zh9CGdZCFY4jphCyIA="

[[kit]]
name = "bottlerocket-core-kit"
version = "17.0.1-symphony.17.build-5ab25fc6"
vendor = "local"
source = "localhost:5826/bottlerocket-core-kit:v17.0.1-symphony.17.build-5ab25fc6"
digest = "vKG5dU4CGSJsMY/IgIk4APzFmS9cMVSnzLMzxIz7+HI="
